
Microsoft Visual Studio Solution File, Format Version 12.00
# Visual Studio Version 17
VisualStudioVersion = 17.4.33027.239
MinimumVisualStudioVersion = 10.0.40219.1
Project("{9A19103F-16F7-4668-BE54-9A1E7A4F7556}") = "SmartBuilding.Tools", "SmartBuilding.Tools\SmartBuilding.Tools.csproj", "{0240A2E7-135B-4A6D-8C2D-BCCD59B395C2}"
EndProject
Project("{2150E333-8FDC-42A3-9474-1A3956D46DE8}") = "App", "App", "{6C4E0114-E1E5-42C5-8820-B82BAAE965F5}"
EndProject
Project("{2150E333-8FDC-42A3-9474-1A3956D46DE8}") = "Shared", "Shared", "{35B84602-EC90-4C2F-8297-8586EE8112E3}"
EndProject
Project("{2150E333-8FDC-42A3-9474-1A3956D46DE8}") = "Services", "Services", "{226F7754-E077-444F-9658-1BD875989811}"
EndProject
Project("{2150E333-8FDC-42A3-9474-1A3956D46DE8}") = "Device", "Device", "{E13EEFB0-49F3-4D2C-ACC9-B683106E4AA3}"
EndProject
Project("{2150E333-8FDC-42A3-9474-1A3956D46DE8}") = "Web", "Web", "{1537C94A-26FD-4DB7-8F88-68733C987353}"
EndProject
Project("{2150E333-8FDC-42A3-9474-1A3956D46DE8}") = "Stream", "Stream", "{A5890265-AC60-496E-9CF4-6432E09A885C}"
EndProject
Project("{9A19103F-16F7-4668-BE54-9A1E7A4F7556}") = "SmartBuilding.Models", "SmartBuilding.Models\SmartBuilding.Models.csproj", "{6EB41C5C-B0F5-4C72-9CBF-532DD26FBE28}"
EndProject
Project("{FAE04EC0-301F-11D3-BF4B-00C04F79EFBC}") = "SmartBuilding.Device", "SmartBuilding.Device\SmartBuilding.Device.csproj", "{B034037F-2F88-436F-A079-AF3A914963DE}"
EndProject
Project("{2150E333-8FDC-42A3-9474-1A3956D46DE8}") = "Edge-Gateway", "Edge-Gateway", "{BE2B0C2A-EE4F-4DBB-9AEC-9E023180D41A}"
EndProject
Project("{9A19103F-16F7-4668-BE54-9A1E7A4F7556}") = "SmartBuilding.Gateway", "SmartBuilding.Gateway\SmartBuilding.Gateway.csproj", "{D140C667-57FD-4B1E-A95D-A9E08D0CB493}"
EndProject
Project("{9A19103F-16F7-4668-BE54-9A1E7A4F7556}") = "SmartBuilding.StreamGrain", "SmartBuilding.StreamGrain\SmartBuilding.StreamGrain.csproj", "{3C88B30E-914A-4A47-A011-E23F1F4BFF2A}"
EndProject
Project("{9A19103F-16F7-4668-BE54-9A1E7A4F7556}") = "SmartBuilding.Silo", "SmartBuilding.Silo\SmartBuilding.Silo.csproj", "{50AE5B1B-CF43-4890-8D78-C30C3AE30702}"
EndProject
Project("{9A19103F-16F7-4668-BE54-9A1E7A4F7556}") = "SmartBuilding.StreamHub", "SmartBuilding.StreamHub\SmartBuilding.StreamHub.csproj", "{350538C6-62A1-44EC-A0A1-57D93CA277B6}"
EndProject
Project("{9A19103F-16F7-4668-BE54-9A1E7A4F7556}") = "SmartBuilding.Web", "SmartBuilding.Web\SmartBuilding.Web.csproj", "{2FCE4557-96B4-46CD-B4AF-29A2F5D7EEE3}"
EndProject
Project("{FAE04EC0-301F-11D3-BF4B-00C04F79EFBC}") = "SmartBuilding.CameraApp", "SmartBuilding.CameraApp\SmartBuilding.CameraApp.csproj", "{E09BB624-B94A-4E82-960E-7195B38C4C9F}"
EndProject
Global
	GlobalSection(SolutionConfigurationPlatforms) = preSolution
		Debug|Any CPU = Debug|Any CPU
		Release|Any CPU = Release|Any CPU
	EndGlobalSection
	GlobalSection(ProjectConfigurationPlatforms) = postSolution
		{0240A2E7-135B-4A6D-8C2D-BCCD59B395C2}.Debug|Any CPU.ActiveCfg = Debug|Any CPU
		{0240A2E7-135B-4A6D-8C2D-BCCD59B395C2}.Debug|Any CPU.Build.0 = Debug|Any CPU
		{0240A2E7-135B-4A6D-8C2D-BCCD59B395C2}.Release|Any CPU.ActiveCfg = Release|Any CPU
		{0240A2E7-135B-4A6D-8C2D-BCCD59B395C2}.Release|Any CPU.Build.0 = Release|Any CPU
		{6EB41C5C-B0F5-4C72-9CBF-532DD26FBE28}.Debug|Any CPU.ActiveCfg = Debug|Any CPU
		{6EB41C5C-B0F5-4C72-9CBF-532DD26FBE28}.Debug|Any CPU.Build.0 = Debug|Any CPU
		{6EB41C5C-B0F5-4C72-9CBF-532DD26FBE28}.Release|Any CPU.ActiveCfg = Release|Any CPU
		{6EB41C5C-B0F5-4C72-9CBF-532DD26FBE28}.Release|Any CPU.Build.0 = Release|Any CPU
		{B034037F-2F88-436F-A079-AF3A914963DE}.Debug|Any CPU.ActiveCfg = Debug|Any CPU
		{B034037F-2F88-436F-A079-AF3A914963DE}.Debug|Any CPU.Build.0 = Debug|Any CPU
		{B034037F-2F88-436F-A079-AF3A914963DE}.Debug|Any CPU.Deploy.0 = Debug|Any CPU
		{B034037F-2F88-436F-A079-AF3A914963DE}.Release|Any CPU.ActiveCfg = Release|Any CPU
		{B034037F-2F88-436F-A079-AF3A914963DE}.Release|Any CPU.Build.0 = Release|Any CPU
		{B034037F-2F88-436F-A079-AF3A914963DE}.Release|Any CPU.Deploy.0 = Release|Any CPU
		{D140C667-57FD-4B1E-A95D-A9E08D0CB493}.Debug|Any CPU.ActiveCfg = Debug|Any CPU
		{D140C667-57FD-4B1E-A95D-A9E08D0CB493}.Debug|Any CPU.Build.0 = Debug|Any CPU
		{D140C667-57FD-4B1E-A95D-A9E08D0CB493}.Release|Any CPU.ActiveCfg = Release|Any CPU
		{D140C667-57FD-4B1E-A95D-A9E08D0CB493}.Release|Any CPU.Build.0 = Release|Any CPU
		{3C88B30E-914A-4A47-A011-E23F1F4BFF2A}.Debug|Any CPU.ActiveCfg = Debug|Any CPU
		{3C88B30E-914A-4A47-A011-E23F1F4BFF2A}.Debug|Any CPU.Build.0 = Debug|Any CPU
		{3C88B30E-914A-4A47-A011-E23F1F4BFF2A}.Release|Any CPU.ActiveCfg = Release|Any CPU
		{3C88B30E-914A-4A47-A011-E23F1F4BFF2A}.Release|Any CPU.Build.0 = Release|Any CPU
		{50AE5B1B-CF43-4890-8D78-C30C3AE30702}.Debug|Any CPU.ActiveCfg = Debug|Any CPU
		{50AE5B1B-CF43-4890-8D78-C30C3AE30702}.Debug|Any CPU.Build.0 = Debug|Any CPU
		{50AE5B1B-CF43-4890-8D78-C30C3AE30702}.Release|Any CPU.ActiveCfg = Release|Any CPU
		{50AE5B1B-CF43-4890-8D78-C30C3AE30702}.Release|Any CPU.Build.0 = Release|Any CPU
		{350538C6-62A1-44EC-A0A1-57D93CA277B6}.Debug|Any CPU.ActiveCfg = Debug|Any CPU
		{350538C6-62A1-44EC-A0A1-57D93CA277B6}.Debug|Any CPU.Build.0 = Debug|Any CPU
		{350538C6-62A1-44EC-A0A1-57D93CA277B6}.Release|Any CPU.ActiveCfg = Release|Any CPU
		{350538C6-62A1-44EC-A0A1-57D93CA277B6}.Release|Any CPU.Build.0 = Release|Any CPU
		{2FCE4557-96B4-46CD-B4AF-29A2F5D7EEE3}.Debug|Any CPU.ActiveCfg = Debug|Any CPU
		{2FCE4557-96B4-46CD-B4AF-29A2F5D7EEE3}.Debug|Any CPU.Build.0 = Debug|Any CPU
		{2FCE4557-96B4-46CD-B4AF-29A2F5D7EEE3}.Release|Any CPU.ActiveCfg = Release|Any CPU
		{2FCE4557-96B4-46CD-B4AF-29A2F5D7EEE3}.Release|Any CPU.Build.0 = Release|Any CPU
		{E09BB624-B94A-4E82-960E-7195B38C4C9F}.Debug|Any CPU.ActiveCfg = Debug|Any CPU
		{E09BB624-B94A-4E82-960E-7195B38C4C9F}.Debug|Any CPU.Build.0 = Debug|Any CPU
		{E09BB624-B94A-4E82-960E-7195B38C4C9F}.Release|Any CPU.ActiveCfg = Release|Any CPU
		{E09BB624-B94A-4E82-960E-7195B38C4C9F}.Release|Any CPU.Build.0 = Release|Any CPU
	EndGlobalSection
	GlobalSection(SolutionProperties) = preSolution
		HideSolutionNode = FALSE
	EndGlobalSection
	GlobalSection(NestedProjects) = preSolution
		{0240A2E7-135B-4A6D-8C2D-BCCD59B395C2} = {35B84602-EC90-4C2F-8297-8586EE8112E3}
		{6EB41C5C-B0F5-4C72-9CBF-532DD26FBE28} = {35B84602-EC90-4C2F-8297-8586EE8112E3}
		{B034037F-2F88-436F-A079-AF3A914963DE} = {E13EEFB0-49F3-4D2C-ACC9-B683106E4AA3}
		{D140C667-57FD-4B1E-A95D-A9E08D0CB493} = {BE2B0C2A-EE4F-4DBB-9AEC-9E023180D41A}
		{3C88B30E-914A-4A47-A011-E23F1F4BFF2A} = {A5890265-AC60-496E-9CF4-6432E09A885C}
		{50AE5B1B-CF43-4890-8D78-C30C3AE30702} = {A5890265-AC60-496E-9CF4-6432E09A885C}
		{350538C6-62A1-44EC-A0A1-57D93CA277B6} = {A5890265-AC60-496E-9CF4-6432E09A885C}
		{2FCE4557-96B4-46CD-B4AF-29A2F5D7EEE3} = {1537C94A-26FD-4DB7-8F88-68733C987353}
		{E09BB624-B94A-4E82-960E-7195B38C4C9F} = {6C4E0114-E1E5-42C5-8820-B82BAAE965F5}
	EndGlobalSection
	GlobalSection(ExtensibilityGlobals) = postSolution
		SolutionGuid = {1A9172EA-99D1-4064-8EEA-2F81A623AD43}
	EndGlobalSection
EndGlobal
